{
  "name": "unicore",
  "lockfileVersion": 3,
  "requires": true,
  "packages": {
    "": {
      "dependencies": {
        "@hookform/resolvers": "^5.2.2",
        "@tanstack/react-query": "^5.100.8",
        "@tanstack/react-query-devtools": "^5.100.8",
        "react-hook-form": "^7.75.0",
        "zod": "^4.4.2"
      }
    },
    "node_modules/@hookform/resolvers": {
      "version": "5.2.2",
      "resolved": "https://registry.npmjs.org/@hookform/resolvers/-/resolvers-5.2.2.tgz",
      "integrity": "sha512-A/IxlMLShx3KjV/HeTcTfaMxdwy690+L/ZADoeaTltLx+CVuzkeVIPuybK3jrRfw7YZnmdKsVVHAlEPIAEUNlA==",
      "license": "MIT",
      "dependencies": {
        "@standard-schema/utils": "^0.3.0"
      },
      "peerDependencies": {
        "react-hook-form": "^7.55.0"
      }
    },
    "node_modules/@standard-schema/utils": {
      "version": "0.3.0",
      "resolved": "https://registry.npmjs.org/@standard-schema/utils/-/utils-0.3.0.tgz",
      "integrity": "sha512-e7Mew686owMaPJVNNLs55PUvgz371nKgwsc4vxE49zsODpJEnxgxRo2y/OKrqueavXgZNMDVj3DdHFlaSAeU8g==",
      "license": "MIT"
    },
    "node_modules/@tanstack/query-core": {
      "version": "5.100.8",
      "resolved": "https://registry.npmjs.org/@tanstack/query-core/-/query-core-5.100.8.tgz",
      "integrity": "sha512-ceYwSFOqjPwET5TA6IOYxzxlGc0ekyH/gfOtWkP0PX43rzX9bxW48Iuw8KAduKCToi4rJAQ6nRy2kAe8gszdmg==",
      "license": "MIT",
      "funding": {
        "type": "github",
        "url": "https://github.com/sponsors/tannerlinsley"
      }
    },
    "node_modules/@tanstack/query-devtools": {
      "version": "5.100.8",
      "resolved": "https://registry.npmjs.org/@tanstack/query-devtools/-/query-devtools-5.100.8.tgz",
      "integrity": "sha512-29D6k564h7eudwNdfRcq6Je2VFUWGxHwADPg1xC2yHxrovYBwZiqzIv/DkPRsK/EMoOIPIvPq+IU0uCxiQXYPA==",
      "license": "MIT",
      "funding": {
        "type": "github",
        "url": "https://github.com/sponsors/tannerlinsley"
      }
    },
    "node_modules/@tanstack/react-query": {
      "version": "5.100.8",
      "resolved": "https://registry.npmjs.org/@tanstack/react-query/-/react-query-5.100.8.tgz",
      "integrity": "sha512-iNNEekixXU5vtAGKKZX2lx3jTooG5yNY+kv0wSgEdEYG0Mj0JM5bcuQtC35ZAP3nDopT6jciUK3xeX65U7AnfA==",
      "license": "MIT",
      "dependencies": {
        "@tanstack/query-core": "5.100.8"
      },
      "funding": {
        "type": "github",
        "url": "https://github.com/sponsors/tannerlinsley"
      },
      "peerDependencies": {
        "react": "^18 || ^19"
      }
    },
    "node_modules/@tanstack/react-query-devtools": {
      "version": "5.100.8",
      "resolved": "https://registry.npmjs.org/@tanstack/react-query-devtools/-/react-query-devtools-5.100.8.tgz",
      "integrity": "sha512-BKpysWo1u3kVMtv92XOv/Gu6eCbE/IxBLJPs0GG/qyySUQvZI2h7mqRwyf8Aa6WfUoX8Yf2AAh0uugQLAr8KtQ==",
      "license": "MIT",
      "dependencies": {
        "@tanstack/query-devtools": "5.100.8"
      },
      "funding": {
        "type": "github",
        "url": "https://github.com/sponsors/tannerlinsley"
      },
      "peerDependencies": {
        "@tanstack/react-query": "^5.100.8",
        "react": "^18 || ^19"
      }
    },
    "node_modules/react": {
      "version": "19.2.5",
      "resolved": "https://registry.npmjs.org/react/-/react-19.2.5.tgz",
      "integrity": "sha512-llUJLzz1zTUBrskt2pwZgLq59AemifIftw4aB7JxOqf1HY2FDaGDxgwpAPVzHU1kdWabH7FauP4i1oEeer2WCA==",
      "license": "MIT",
      "peer": true,
      "engines": {
        "node": ">=0.10.0"
      }
    },
    "node_modules/react-hook-form": {
      "version": "7.75.0",
      "resolved": "https://registry.npmjs.org/react-hook-form/-/react-hook-form-7.75.0.tgz",
      "integrity": "sha512-Ovv94H+0p3sJ7B9B5QxPuCP1u8V/cHuVGyH55cSwodYDtoJwK+fqk3vjfIgSX59I2U/bU4z0nRJ9HMLpNiWEmw==",
      "license": "MIT",
      "engines": {
        "node": ">=18.0.0"
      },
      "funding": {
        "type": "opencollective",
        "url": "https://opencollective.com/react-hook-form"
      },
      "peerDependencies": {
        "react": "^16.8.0 || ^17 || ^18 || ^19"
      }
    },
    "node_modules/zod": {
      "version": "4.4.2",
      "resolved": "https://registry.npmjs.org/zod/-/zod-4.4.2.tgz",
      "integrity": "sha512-IynmDyxsEsb9RKzO3J9+4SxXnl2FTFSzNBaKKaMV6tsSk0rw9gYw9gs+JFCq/qk2LCZ78KDwyj+Z289TijSkUw==",
      "license": "MIT",
      "funding": {
        "url": "https://github.com/sponsors/colinhacks"
      }
    }
  }
}
